
Microsoft Visual Studio Solution File, Format Version 12.00
# Visual Studio Version 16
VisualStudioVersion = 16.0.31729.503
MinimumVisualStudioVersion = 10.0.40219.1
Project("{FAE04EC0-301F-11D3-BF4B-00C04F79EFBC}") = "packages_publisher", "packages_publisher\packages_publisher.csproj", "{87AD8269-C10D-4D2A-A4F4-79D44B69E6DE}"
EndProject
Global
	GlobalSection(SolutionConfigurationPlatforms) = preSolution
		Debug|Any CPU = Debug|Any CPU
		Release|Any CPU = Release|Any CPU
	EndGlobalSection
	GlobalSection(ProjectConfigurationPlatforms) = postSolution
		{87AD8269-C10D-4D2A-A4F4-79D44B69E6DE}.Debug|Any CPU.ActiveCfg = Debug|Any CPU
		{87AD8269-C10D-4D2A-A4F4-79D44B69E6DE}.Debug|Any CPU.Build.0 = Debug|Any CPU
		{87AD8269-C10D-4D2A-A4F4-79D44B69E6DE}.Release|Any CPU.ActiveCfg = Release|Any CPU
		{87AD8269-C10D-4D2A-A4F4-79D44B69E6DE}.Release|Any CPU.Build.0 = Release|Any CPU
	EndGlobalSection
	GlobalSection(SolutionProperties) = preSolution
		HideSolutionNode = FALSE
	EndGlobalSection
	GlobalSection(ExtensibilityGlobals) = postSolution
		SolutionGuid = {6F75AB02-50AF-473E-B834-62409C78688C}
	EndGlobalSection
EndGlobal
